// !$*UTF8*$!
{
	archiveVersion = 1;
	classes = {
	};
	objectVersion = 50;
	objects = {

/* Begin PBXBuildFile section */
		0708A026CB920CE207C65C98 /* Pods_FTProgressViewDemo.framework in Frameworks */ = {isa = PBXBuildFile; fileRef = 6D047D7E05E8996EAA2B6533 /* Pods_FTProgressViewDemo.framework */; };
		2A8F922E212E44AE002EF6DC /* AppDelegate.swift in Sources */ = {isa = PBXBuildFile; fileRef = 2A8F922D212E44AE002EF6DC /* AppDelegate.swift */; };
		2A8F9230212E44AE002EF6DC /* ViewController.swift in Sources */ = {isa = PBXBuildFile; fileRef = 2A8F922F212E44AE002EF6DC /* ViewController.swift */; };
		2A8F9233212E44AE002EF6DC /* Main.storyboard in Resources */ = {isa = PBXBuildFile; fileRef = 2A8F9231212E44AE002EF6DC /* Main.storyboard */; };
		2A8F9235212E44AF002EF6DC /* Assets.xcassets in Resources */ = {isa = PBXBuildFile; fileRef = 2A8F9234212E44AF002EF6DC /* Assets.xcassets */; };
		2A8F9238212E44AF002EF6DC /* LaunchScreen.storyboard in Resources */ = {isa = PBXBuildFile; fileRef = 2A8F9236212E44AF002EF6DC /* LaunchScreen.storyboard */; };
		2A8F9242212E9FF8002EF6DC /* CustomProgressView.swift in Sources */ = {isa = PBXBuildFile; fileRef = 2A8F9241212E9FF8002EF6DC /* CustomProgressView.swift */; };
		2A8F9244212EA047002EF6DC /* CustomProgressView.xib in Resources */ = {isa = PBXBuildFile; fileRef = 2A8F9243212EA047002EF6DC /* CustomProgressView.xib */; };
/* End PBXBuildFile section */

/* Begin PBXFileReference section */
		2A8F922A212E44AE002EF6DC /* FTProgressViewDemo.app */ = {isa = PBXFileReference; explicitFileType = wrapper.application; includeInIndex = 0; path = FTProgressViewDemo.app; sourceTree = BUILT_PRODUCTS_DIR; };
		2A8F922D212E44AE002EF6DC /* AppDelegate.swift */ = {isa = PBXFileReference; lastKnownFileType = sourcecode.swift; path = AppDelegate.swift; sourceTree = "<group>"; };
		2A8F922F212E44AE002EF6DC /* ViewController.swift */ = {isa = PBXFileReference; lastKnownFileType = sourcecode.swift; path = ViewController.swift; sourceTree = "<group>"; };
		2A8F9232212E44AE002EF6DC /* Base */ = {isa = PBXFileReference; lastKnownFileType = file.storyboard; name = Base; path = Base.lproj/Main.storyboard; sourceTree = "<group>"; };
		2A8F9234212E44AF002EF6DC /* Assets.xcassets */ = {isa = PBXFileReference; lastKnownFileType = folder.assetcatalog; path = Assets.xcassets; sourceTree = "<group>"; };
		2A8F9237212E44AF002EF6DC /* Base */ = {isa = PBXFileReference; lastKnownFileType = file.storyboard; name = Base; path = Base.lproj/LaunchScreen.storyboard; sourceTree = "<group>"; };
		2A8F9239212E44AF002EF6DC /* Info.plist */ = {isa = PBXFileReference; lastKnownFileType = text.plist.xml; path = Info.plist; sourceTree = "<group>"; };
		2A8F9241212E9FF8002EF6DC /* CustomProgressView.swift */ = {isa = PBXFileReference; lastKnownFileType = sourcecode.swift; path = CustomProgressView.swift; sourceTree = "<group>"; };
		2A8F9243212EA047002EF6DC /* CustomProgressView.xib */ = {isa = PBXFileReference; lastKnownFileType = file.xib; path = CustomProgressView.xib; sourceTree = "<group>"; };
		2DC36AEDF6831EFA0C042A72 /* Pods-FTProgressViewDemo.debug.xcconfig */ = {isa = PBXFileReference; includeInIndex = 1; lastKnownFileType = text.xcconfig; name = "Pods-FTProgressViewDemo.debug.xcconfig"; path = "Pods/Target Support Files/Pods-FTProgressViewDemo/Pods-FTProgressViewDemo.debug.xcconfig"; sourceTree = "<group>"; };
		6D047D7E05E8996EAA2B6533 /* Pods_FTProgressViewDemo.framework */ = {isa = PBXFileReference; explicitFileType = wrapper.framework; includeInIndex = 0; path = Pods_FTProgressViewDemo.framework; sourceTree = BUILT_PRODUCTS_DIR; };
		6FAC71A1A3974FCF5673749A /* Pods-FTProgressViewDemo.release.xcconfig */ = {isa = PBXFileReference; includeInIndex = 1; lastKnownFileType = text.xcconfig; name = "Pods-FTProgressViewDemo.release.xcconfig"; path = "Pods/Target Support Files/Pods-FTProgressViewDemo/Pods-FTProgressViewDemo.release.xcconfig"; sourceTree = "<group>"; };
/* End PBXFileReference section */

/* Begin PBXFrameworksBuildPhase section */
		2A8F9227212E44AE002EF6DC /* Frameworks */ = {
			isa = PBXFrameworksBuildPhase;
			buildActionMask = 2147483647;
			files = (
				0708A026CB920CE207C65C98 /* Pods_FTProgressViewDemo.framework in Frameworks */,
			);
			runOnlyForDeploymentPostprocessing = 0;
		};
/* End PBXFrameworksBuildPhase section */

/* Begin PBXGroup section */
		2A8F9221212E44AE002EF6DC = {
			isa = PBXGroup;
			children = (
				2A8F922C212E44AE002EF6DC /* FTProgressViewDemo */,
				2A8F922B212E44AE002EF6DC /* Products */,
				7126C122F89C74FF551BA1C1 /* Pods */,
				7FF17C1D7A7E8C91149CAD51 /* Frameworks */,
			);
			sourceTree = "<group>";
		};
		2A8F922B212E44AE002EF6DC /* Products */ = {
			isa = PBXGroup;
			children = (
				2A8F922A212E44AE002EF6DC /* FTProgressViewDemo.app */,
			);
			name = Products;
			sourceTree = "<group>";
		};
		2A8F922C212E44AE002EF6DC /* FTProgressViewDemo */ = {
			isa = PBXGroup;
			children = (
				2A8F922D212E44AE002EF6DC /* AppDelegate.swift */,
				2A8F922F212E44AE002EF6DC /* ViewController.swift */,
				2A8F9241212E9FF8002EF6DC /* CustomProgressView.swift */,
				2A8F9243212EA047002EF6DC /* CustomProgressView.xib */,
				2A8F9231212E44AE002EF6DC /* Main.storyboard */,
				2A8F9234212E44AF002EF6DC /* Assets.xcassets */,
				2A8F9236212E44AF002EF6DC /* LaunchScreen.storyboard */,
				2A8F9239212E44AF002EF6DC /* Info.plist */,
			);
			path = FTProgressViewDemo;
			sourceTree = "<group>";
		};
		7126C122F89C74FF551BA1C1 /* Pods */ = {
			isa = PBXGroup;
			children = (
				2DC36AEDF6831EFA0C042A72 /* Pods-FTProgressViewDemo.debug.xcconfig */,
				6FAC71A1A3974FCF5673749A /* Pods-FTProgressViewDemo.release.xcconfig */,
			);
			name = Pods;
			sourceTree = "<group>";
		};
		7FF17C1D7A7E8C91149CAD51 /* Frameworks */ = {
			isa = PBXGroup;
			children = (
				6D047D7E05E8996EAA2B6533 /* Pods_FTProgressViewDemo.framework */,
			);
			name = Frameworks;
			sourceTree = "<group>";
		};
/* End PBXGroup section */

/* Begin PBXNativeTarget section */
		2A8F9229212E44AE002EF6DC /* FTProgressViewDemo */ = {
			isa = PBXNativeTarget;
			buildConfigurationList = 2A8F923C212E44AF002EF6DC /* Build configuration list for PBXNativeTarget "FTProgressViewDemo" */;
			buildPhases = (
				E611B1DC144208753CC79249 /* [CP] Check Pods Manifest.lock */,
				2A8F9226212E44AE002EF6DC /* Sources */,
				2A8F9227212E44AE002EF6DC /* Frameworks */,
				2A8F9228212E44AE002EF6DC /* Resources */,
				43ECB3603ADBBFE528606736 /* [CP] Embed Pods Frameworks */,
			);
			buildRules = (
			);
			dependencies = (
			);
			name = FTProgressViewDemo;
			productName = FTProgressViewDemo;
			productReference = 2A8F922A212E44AE002EF6DC /* FTProgressViewDemo.app */;
			productType = "com.apple.product-type.application";
		};
/* End PBXNativeTarget section */

/* Begin PBXProject section */
		2A8F9222212E44AE002EF6DC /* Project object */ = {
			isa = PBXProject;
			attributes = {
				LastSwiftUpdateCheck = 1000;
				LastUpgradeCheck = 1000;
				ORGANIZATIONNAME = liufengting;
				TargetAttributes = {
					2A8F9229212E44AE002EF6DC = {
						CreatedOnToolsVersion = 10.0;
					};
				};
			};
			buildConfigurationList = 2A8F9225212E44AE002EF6DC /* Build configuration list for PBXProject "FTProgressViewDemo" */;
			compatibilityVersion = "Xcode 9.3";
			developmentRegion = en;
			hasScannedForEncodings = 0;
			knownRegions = (
				en,
				Base,
			);
			mainGroup = 2A8F9221212E44AE002EF6DC;
			productRefGroup = 2A8F922B212E44AE002EF6DC /* Products */;
			projectDirPath = "";
			projectRoot = "";
			targets = (
				2A8F9229212E44AE002EF6DC /* FTProgressViewDemo */,
			);
		};
/* End PBXProject section */

/* Begin PBXResourcesBuildPhase section */
		2A8F9228212E44AE002EF6DC /* Resources */ = {
			isa = PBXResourcesBuildPhase;
			buildActionMask = 2147483647;
			files = (
				2A8F9238212E44AF002EF6DC /* LaunchScreen.storyboard in Resources */,
				2A8F9235212E44AF002EF6DC /* Assets.xcassets in Resources */,
				2A8F9244212EA047002EF6DC /* CustomProgressView.xib in Resources */,
				2A8F9233212E44AE002EF6DC /* Main.storyboard in Resources */,
			);
			runOnlyForDeploymentPostprocessing = 0;
		};
/* End PBXResourcesBuildPhase section */

/* Begin PBXShellScriptBuildPhase section */
		43ECB3603ADBBFE528606736 /* [CP] Embed Pods Frameworks */ = {
			isa = PBXShellScriptBuildPhase;
			buildActionMask = 2147483647;
			files = (
			);
			inputPaths = (
				"${SRCROOT}/Pods/Target Support Files/Pods-FTProgressViewDemo/Pods-FTProgressViewDemo-frameworks.sh",
				"${BUILT_PRODUCTS_DIR}/FTProgressView/FTProgressView.framework",
			);
			name = "[CP] Embed Pods Frameworks";
			outputPaths = (
				"${TARGET_BUILD_DIR}/${FRAMEWORKS_FOLDER_PATH}/FTProgressView.framework",
			);
			runOnlyForDeploymentPostprocessing = 0;
			shellPath = /bin/sh;
			shellScript = "\"${SRCROOT}/Pods/Target Support Files/Pods-FTProgressViewDemo/Pods-FTProgressViewDemo-frameworks.sh\"\n";
			showEnvVarsInLog = 0;
		};
		E611B1DC144208753CC79249 /* [CP] Check Pods Manifest.lock */ = {
			isa = PBXShellScriptBuildPhase;
			buildActionMask = 2147483647;
			files = (
			);
			inputPaths = (
				"${PODS_PODFILE_DIR_PATH}/Podfile.lock",
				"${PODS_ROOT}/Manifest.lock",
			);
			name = "[CP] Check Pods Manifest.lock";
			outputPaths = (
				"$(DERIVED_FILE_DIR)/Pods-FTProgressViewDemo-checkManifestLockResult.txt",
			);
			runOnlyForDeploymentPostprocessing = 0;
			shellPath = /bin/sh;
			shellScript = "diff \"${PODS_PODFILE_DIR_PATH}/Podfile.lock\" \"${PODS_ROOT}/Manifest.lock\" > /dev/null\nif [ $? != 0 ] ; then\n    # print error to STDERR\n    echo \"error: The sandbox is not in sync with the Podfile.lock. Run 'pod install' or update your CocoaPods installation.\" >&2\n    exit 1\nfi\n# This output is used by Xcode 'outputs' to avoid re-running this script phase.\necho \"SUCCESS\" > \"${SCRIPT_OUTPUT_FILE_0}\"\n";
			showEnvVarsInLog = 0;
		};
/* End PBXShellScriptBuildPhase section */

/* Begin PBXSourcesBuildPhase section */
		2A8F9226212E44AE002EF6DC /* Sources */ = {
			isa = PBXSourcesBuildPhase;
			buildActionMask = 2147483647;
			files = (
				2A8F9230212E44AE002EF6DC /* ViewController.swift in Sources */,
				2A8F922E212E44AE002EF6DC /* AppDelegate.swift in Sources */,
				2A8F9242212E9FF8002EF6DC /* CustomProgressView.swift in Sources */,
			);
			runOnlyForDeploymentPostprocessing = 0;
		};
/* End PBXSourcesBuildPhase section */

/* Begin PBXVariantGroup section */
		2A8F9231212E44AE002EF6DC /* Main.storyboard */ = {
			isa = PBXVariantGroup;
			children = (
				2A8F9232212E44AE002EF6DC /* Base */,
			);
			name = Main.storyboard;
			sourceTree = "<group>";
		};
		2A8F9236212E44AF002EF6DC /* LaunchScreen.storyboard */ = {
			isa = PBXVariantGroup;
			children = (
				2A8F9237212E44AF002EF6DC /* Base */,
			);
			name = LaunchScreen.storyboard;
			sourceTree = "<group>";
		};
/* End PBXVariantGroup section */

/* Begin XCBuildConfiguration section */
		2A8F923A212E44AF002EF6DC /* Debug */ = {
			isa = XCBuildConfiguration;
			buildSettings = {
				ALWAYS_SEARCH_USER_PATHS = NO;
				CLANG_ANALYZER_NONNULL = YES;
				CLANG_ANALYZER_NUMBER_OBJECT_CONVERSION = YES_AGGRESSIVE;
				CLANG_CXX_LANGUAGE_STANDARD = "gnu++14";
				CLANG_CXX_LIBRARY = "libc++";
				CLANG_ENABLE_MODULES = YES;
				CLANG_ENABLE_OBJC_ARC = YES;
				CLANG_ENABLE_OBJC_WEAK = YES;
				CLANG_WARN_BLOCK_CAPTURE_AUTORELEASING = YES;
				CLANG_WARN_BOOL_CONVERSION = YES;
				CLANG_WARN_COMMA = YES;
				CLANG_WARN_CONSTANT_CONVERSION = YES;
				CLANG_WARN_DEPRECATED_OBJC_IMPLEMENTATIONS = YES;
				CLANG_WARN_DIRECT_OBJC_ISA_USAGE = YES_ERROR;
				CLANG_WARN_DOCUMENTATION_COMMENTS = YES;
				CLANG_WARN_EMPTY_BODY = YES;
				CLANG_WARN_ENUM_CONVERSION = YES;
				CLANG_WARN_INFINITE_RECURSION = YES;
				CLANG_WARN_INT_CONVERSION = YES;
				CLANG_WARN_NON_LITERAL_NULL_CONVERSION = YES;
				CLANG_WARN_OBJC_IMPLICIT_RETAIN_SELF = YES;
				CLANG_WARN_OBJC_LITERAL_CONVERSION = YES;
				CLANG_WARN_OBJC_ROOT_CLASS = YES_ERROR;
				CLANG_WARN_RANGE_LOOP_ANALYSIS = YES;
				CLANG_WARN_STRICT_PROTOTYPES = YES;
				CLANG_WARN_SUSPICIOUS_MOVE = YES;
				CLANG_WARN_UNGUARDED_AVAILABILITY = YES_AGGRESSIVE;
				CLANG_WARN_UNREACHABLE_CODE = YES;
				CLANG_WARN__DUPLICATE_METHOD_MATCH = YES;
				CODE_SIGN_IDENTITY = "iPhone Developer";
				COPY_PHASE_STRIP = NO;
				DEBUG_INFORMATION_FORMAT = dwarf;
				ENABLE_STRICT_OBJC_MSGSEND = YES;
				ENABLE_TESTABILITY = YES;
				GCC_C_LANGUAGE_STANDARD = gnu11;
				GCC_DYNAMIC_NO_PIC = NO;
				GCC_NO_COMMON_BLOCKS = YES;
				GCC_OPTIMIZATION_LEVEL = 0;
				GCC_PREPROCESSOR_DEFINITIONS = (
					"DEBUG=1",
					"$(inherited)",
				);
				GCC_WARN_64_TO_32_BIT_CONVERSION = YES;
				GCC_WARN_ABOUT_RETURN_TYPE = YES_ERROR;
				GCC_WARN_UNDECLARED_SELECTOR = YES;
				GCC_WARN_UNINITIALIZED_AUTOS = YES_AGGRESSIVE;
				GCC_WARN_UNUSED_FUNCTION = YES;
				GCC_WARN_UNUSED_VARIABLE = YES;
				IPHONEOS_DEPLOYMENT_TARGET = 12.0;
				MTL_ENABLE_DEBUG_INFO = INCLUDE_SOURCE;
				MTL_FAST_MATH = YES;
				ONLY_ACTIVE_ARCH = YES;
				SDKROOT = iphoneos;
				SWIFT_ACTIVE_COMPILATION_CONDITIONS = DEBUG;
				SWIFT_OPTIMIZATION_LEVEL = "-Onone";
			};
			name = Debug;
		};
		2A8F923B212E44AF002EF6DC /* Release */ = {
			isa = XCBuildConfiguration;
			buildSettings = {
				ALWAYS_SEARCH_USER_PATHS = NO;
				CLANG_ANALYZER_NONNULL = YES;
				CLANG_ANALYZER_NUMBER_OBJECT_CONVERSION = YES_AGGRESSIVE;
				CLANG_CXX_LANGUAGE_STANDARD = "gnu++14";
				CLANG_CXX_LIBRARY = "libc++";
				CLANG_ENABLE_MODULES = YES;
				CLANG_ENABLE_OBJC_ARC = YES;
				CLANG_ENABLE_OBJC_WEAK = YES;
				CLANG_WARN_BLOCK_CAPTURE_AUTORELEASING = YES;
				CLANG_WARN_BOOL_CONVERSION = YES;
				CLANG_WARN_COMMA = YES;
				CLANG_WARN_CONSTANT_CONVERSION = YES;
				CLANG_WARN_DEPRECATED_OBJC_IMPLEMENTATIONS = YES;
				CLANG_WARN_DIRECT_OBJC_ISA_USAGE = YES_ERROR;
				CLANG_WARN_DOCUMENTATION_COMMENTS = YES;
				CLANG_WARN_EMPTY_BODY = YES;
				CLANG_WARN_ENUM_CONVERSION = YES;
				CLANG_WARN_INFINITE_RECURSION = YES;
				CLANG_WARN_INT_CONVERSION = YES;
				CLANG_WARN_NON_LITERAL_NULL_CONVERSION = YES;
				CLANG_WARN_OBJC_IMPLICIT_RETAIN_SELF = YES;
				CLANG_WARN_OBJC_LITERAL_CONVERSION = YES;
				CLANG_WARN_OBJC_ROOT_CLASS = YES_ERROR;
				CLANG_WARN_RANGE_LOOP_ANALYSIS = YES;
				CLANG_WARN_STRICT_PROTOTYPES = YES;
				CLANG_WARN_SUSPICIOUS_MOVE = YES;
				CLANG_WARN_UNGUARDED_AVAILABILITY = YES_AGGRESSIVE;
				CLANG_WARN_UNREACHABLE_CODE = YES;
				CLANG_WARN__DUPLICATE_METHOD_MATCH = YES;
				CODE_SIGN_IDENTITY = "iPhone Developer";
				COPY_PHASE_STRIP = NO;
				DEBUG_INFORMATION_FORMAT = "dwarf-with-dsym";
				ENABLE_NS_ASSERTIONS = NO;
				ENABLE_STRICT_OBJC_MSGSEND = YES;
				GCC_C_LANGUAGE_STANDARD = gnu11;
				GCC_NO_COMMON_BLOCKS = YES;
				GCC_WARN_64_TO_32_BIT_CONVERSION = YES;
				GCC_WARN_ABOUT_RETURN_TYPE = YES_ERROR;
				GCC_WARN_UNDECLARED_SELECTOR = YES;
				GCC_WARN_UNINITIALIZED_AUTOS = YES_AGGRESSIVE;
				GCC_WARN_UNUSED_FUNCTION = YES;
				GCC_WARN_UNUSED_VARIABLE = YES;
				IPHONEOS_DEPLOYMENT_TARGET = 12.0;
				MTL_ENABLE_DEBUG_INFO = NO;
				MTL_FAST_MATH = YES;
				SDKROOT = iphoneos;
				SWIFT_COMPILATION_MODE = wholemodule;
				SWIFT_OPTIMIZATION_LEVEL = "-O";
				VALIDATE_PRODUCT = YES;
			};
			name = Release;
		};
		2A8F923D212E44AF002EF6DC /* Debug */ = {
			isa = XCBuildConfiguration;
			baseConfigurationReference = 2DC36AEDF6831EFA0C042A72 /* Pods-FTProgressViewDemo.debug.xcconfig */;
			buildSettings = {
				ASSETCATALOG_COMPILER_APPICON_NAME = AppIcon;
				CODE_SIGN_STYLE = Automatic;
				DEVELOPMENT_TEAM = E83AC9WR2F;
				INFOPLIST_FILE = FTProgressViewDemo/Info.plist;
				LD_RUNPATH_SEARCH_PATHS = (
					"$(inherited)",
					"@executable_path/Frameworks",
				);
				PRODUCT_BUNDLE_IDENTIFIER = com.liufengting.FTProgressViewDemo;
				PRODUCT_NAME = "$(TARGET_NAME)";
				SWIFT_VERSION = 4.2;
				TARGETED_DEVICE_FAMILY = "1,2";
			};
			name = Debug;
		};
		2A8F923E212E44AF002EF6DC /* Release */ = {
			isa = XCBuildConfiguration;
			baseConfigurationReference = 6FAC71A1A3974FCF5673749A /* Pods-FTProgressViewDemo.release.xcconfig */;
			buildSettings = {
				ASSETCATALOG_COMPILER_APPICON_NAME = AppIcon;
				CODE_SIGN_STYLE = Automatic;
				DEVELOPMENT_TEAM = E83AC9WR2F;
				INFOPLIST_FILE = FTProgressViewDemo/Info.plist;
				LD_RUNPATH_SEARCH_PATHS = (
					"$(inherited)",
					"@executable_path/Frameworks",
				);
				PRODUCT_BUNDLE_IDENTIFIER = com.liufengting.FTProgressViewDemo;
				PRODUCT_NAME = "$(TARGET_NAME)";
				SWIFT_VERSION = 4.2;
				TARGETED_DEVICE_FAMILY = "1,2";
			};
			name = Release;
		};
/* End XCBuildConfiguration section */

/* Begin XCConfigurationList section */
		2A8F9225212E44AE002EF6DC /* Build configuration list for PBXProject "FTProgressViewDemo" */ = {
			isa = XCConfigurationList;
			buildConfigurations = (
				2A8F923A212E44AF002EF6DC /* Debug */,
				2A8F923B212E44AF002EF6DC /* Release */,
			);
			defaultConfigurationIsVisible = 0;
			defaultConfigurationName = Release;
		};
		2A8F923C212E44AF002EF6DC /* Build configuration list for PBXNativeTarget "FTProgressViewDemo" */ = {
			isa = XCConfigurationList;
			buildConfigurations = (
				2A8F923D212E44AF002EF6DC /* Debug */,
				2A8F923E212E44AF002EF6DC /* Release */,
			);
			defaultConfigurationIsVisible = 0;
			defaultConfigurationName = Release;
		};
/* End XCConfigurationList section */
	};
	rootObject = 2A8F9222212E44AE002EF6DC /* Project object */;
}
